
Microsoft Visual Studio Solution File, Format Version 12.00
# Visual Studio Version 17
VisualStudioVersion = 17.14.36221.1 d17.14
MinimumVisualStudioVersion = 10.0.40219.1
Project("{FAE04EC0-301F-11D3-BF4B-00C04F79EFBC}") = "EmotionPlaylistBackend", "EmotionPlaylistBackend.csproj", "{D45F15CB-5080-4643-B5F1-7EB248385834}"
EndProject
Global
	GlobalSection(SolutionConfigurationPlatforms) = preSolution
		Debug|Any CPU = Debug|Any CPU
		Release|Any CPU = Release|Any CPU
	EndGlobalSection
	GlobalSection(ProjectConfigurationPlatforms) = postSolution
		{D45F15CB-5080-4643-B5F1-7EB248385834}.Debug|Any CPU.ActiveCfg = Debug|Any CPU
		{D45F15CB-5080-4643-B5F1-7EB248385834}.Debug|Any CPU.Build.0 = Debug|Any CPU
		{D45F15CB-5080-4643-B5F1-7EB248385834}.Release|Any CPU.ActiveCfg = Release|Any CPU
		{D45F15CB-5080-4643-B5F1-7EB248385834}.Release|Any CPU.Build.0 = Release|Any CPU
	EndGlobalSection
	GlobalSection(SolutionProperties) = preSolution
		HideSolutionNode = FALSE
	EndGlobalSection
	GlobalSection(ExtensibilityGlobals) = postSolution
		SolutionGuid = {4B940DF7-E2A9-43FA-AC87-EB613D369C65}
	EndGlobalSection
EndGlobal
